
Microsoft Visual Studio Solution File, Format Version 12.00
# Visual Studio Version 16
VisualStudioVersion = 16.0.30320.27
MinimumVisualStudioVersion = 10.0.40219.1
Project("{FAE04EC0-301F-11D3-BF4B-00C04F79EFBC}") = "NoiseNotIncluded", "NoiseNotIncluded\NoiseNotIncluded.csproj", "{F15C21A7-3E65-41A8-B283-A75ED935527F}"
EndProject
Global
	GlobalSection(SolutionConfigurationPlatforms) = preSolution
		Debug|Any CPU = Debug|Any CPU
		Release|Any CPU = Release|Any CPU
	EndGlobalSection
	GlobalSection(ProjectConfigurationPlatforms) = postSolution
		{F15C21A7-3E65-41A8-B283-A75ED935527F}.Debug|Any CPU.ActiveCfg = Debug|Any CPU
		{F15C21A7-3E65-41A8-B283-A75ED935527F}.Debug|Any CPU.Build.0 = Debug|Any CPU
		{F15C21A7-3E65-41A8-B283-A75ED935527F}.Release|Any CPU.ActiveCfg = Release|Any CPU
		{F15C21A7-3E65-41A8-B283-A75ED935527F}.Release|Any CPU.Build.0 = Release|Any CPU
	EndGlobalSection
	GlobalSection(SolutionProperties) = preSolution
		HideSolutionNode = FALSE
	EndGlobalSection
	GlobalSection(ExtensibilityGlobals) = postSolution
		SolutionGuid = {CAA7532A-285D-423E-B448-408E074BC63B}
	EndGlobalSection
EndGlobal
